// !$*UTF8*$!
{
	archiveVersion = 1;
	classes = {
	};
	objectVersion = 50;
	objects = {

/* Begin PBXBuildFile section */
		6C83E1ED24503E7600BC83E7 /* AppDelegate.swift in Sources */ = {isa = PBXBuildFile; fileRef = 6C83E1EC24503E7600BC83E7 /* AppDelegate.swift */; };
		6C83E1EF24503E7600BC83E7 /* SceneDelegate.swift in Sources */ = {isa = PBXBuildFile; fileRef = 6C83E1EE24503E7600BC83E7 /* SceneDelegate.swift */; };
		6C83E1F124503E7600BC83E7 /* ViewController.swift in Sources */ = {isa = PBXBuildFile; fileRef = 6C83E1F024503E7600BC83E7 /* ViewController.swift */; };
		6C83E1F424503E7600BC83E7 /* Main.storyboard in Resources */ = {isa = PBXBuildFile; fileRef = 6C83E1F224503E7600BC83E7 /* Main.storyboard */; };
		6C83E1F624503E7700BC83E7 /* Assets.xcassets in Resources */ = {isa = PBXBuildFile; fileRef = 6C83E1F524503E7700BC83E7 /* Assets.xcassets */; };
		6C83E1F924503E7700BC83E7 /* LaunchScreen.storyboard in Resources */ = {isa = PBXBuildFile; fileRef = 6C83E1F724503E7700BC83E7 /* LaunchScreen.storyboard */; };
/* End PBXBuildFile section */

/* Begin PBXFileReference section */
		6C83E1E924503E7600BC83E7 /* HiddenNavBarWithInteractivePopGesture.app */ = {isa = PBXFileReference; explicitFileType = wrapper.application; includeInIndex = 0; path = HiddenNavBarWithInteractivePopGesture.app; sourceTree = BUILT_PRODUCTS_DIR; };
		6C83E1EC24503E7600BC83E7 /* AppDelegate.swift */ = {isa = PBXFileReference; lastKnownFileType = sourcecode.swift; path = AppDelegate.swift; sourceTree = "<group>"; };
		6C83E1EE24503E7600BC83E7 /* SceneDelegate.swift */ = {isa = PBXFileReference; lastKnownFileType = sourcecode.swift; path = SceneDelegate.swift; sourceTree = "<group>"; };
		6C83E1F024503E7600BC83E7 /* ViewController.swift */ = {isa = PBXFileReference; lastKnownFileType = sourcecode.swift; path = ViewController.swift; sourceTree = "<group>"; };
		6C83E1F324503E7600BC83E7 /* Base */ = {isa = PBXFileReference; lastKnownFileType = file.storyboard; name = Base; path = Base.lproj/Main.storyboard; sourceTree = "<group>"; };
		6C83E1F524503E7700BC83E7 /* Assets.xcassets */ = {isa = PBXFileReference; lastKnownFileType = folder.assetcatalog; path = Assets.xcassets; sourceTree = "<group>"; };
		6C83E1F824503E7700BC83E7 /* Base */ = {isa = PBXFileReference; lastKnownFileType = file.storyboard; name = Base; path = Base.lproj/LaunchScreen.storyboard; sourceTree = "<group>"; };
		6C83E1FA24503E7700BC83E7 /* Info.plist */ = {isa = PBXFileReference; lastKnownFileType = text.plist.xml; path = Info.plist; sourceTree = "<group>"; };
/* End PBXFileReference section */

/* Begin PBXFrameworksBuildPhase section */
		6C83E1E624503E7600BC83E7 /* Frameworks */ = {
			isa = PBXFrameworksBuildPhase;
			buildActionMask = 2147483647;
			files = (
			);
			runOnlyForDeploymentPostprocessing = 0;
		};
/* End PBXFrameworksBuildPhase section */

/* Begin PBXGroup section */
		6C83E1E024503E7600BC83E7 = {
			isa = PBXGroup;
			children = (
				6C83E1EB24503E7600BC83E7 /* HiddenNavBarWithInteractivePopGesture */,
				6C83E1EA24503E7600BC83E7 /* Products */,
			);
			sourceTree = "<group>";
		};
		6C83E1EA24503E7600BC83E7 /* Products */ = {
			isa = PBXGroup;
			children = (
				6C83E1E924503E7600BC83E7 /* HiddenNavBarWithInteractivePopGesture.app */,
			);
			name = Products;
			sourceTree = "<group>";
		};
		6C83E1EB24503E7600BC83E7 /* HiddenNavBarWithInteractivePopGesture */ = {
			isa = PBXGroup;
			children = (
				6C83E1EC24503E7600BC83E7 /* AppDelegate.swift */,
				6C83E1EE24503E7600BC83E7 /* SceneDelegate.swift */,
				6C83E1F024503E7600BC83E7 /* ViewController.swift */,
				6C83E1F224503E7600BC83E7 /* Main.storyboard */,
				6C83E1F524503E7700BC83E7 /* Assets.xcassets */,
				6C83E1F724503E7700BC83E7 /* LaunchScreen.storyboard */,
				6C83E1FA24503E7700BC83E7 /* Info.plist */,
			);
			path = HiddenNavBarWithInteractivePopGesture;
			sourceTree = "<group>";
		};
/* End PBXGroup section */

/* Begin PBXNativeTarget section */
		6C83E1E824503E7600BC83E7 /* HiddenNavBarWithInteractivePopGesture */ = {
			isa = PBXNativeTarget;
			buildConfigurationList = 6C83E1FD24503E7700BC83E7 /* Build configuration list for PBXNativeTarget "HiddenNavBarWithInteractivePopGesture" */;
			buildPhases = (
				6C83E1E524503E7600BC83E7 /* Sources */,
				6C83E1E624503E7600BC83E7 /* Frameworks */,
				6C83E1E724503E7600BC83E7 /* Resources */,
			);
			buildRules = (
			);
			dependencies = (
			);
			name = HiddenNavBarWithInteractivePopGesture;
			productName = HiddenNavBarWithInteractivePopGesture;
			productReference = 6C83E1E924503E7600BC83E7 /* HiddenNavBarWithInteractivePopGesture.app */;
			productType = "com.apple.product-type.application";
		};
/* End PBXNativeTarget section */

/* Begin PBXProject section */
		6C83E1E124503E7600BC83E7 /* Project object */ = {
			isa = PBXProject;
			attributes = {
				LastSwiftUpdateCheck = 1140;
				LastUpgradeCheck = 1140;
				ORGANIZATIONNAME = Hacknicity;
				TargetAttributes = {
					6C83E1E824503E7600BC83E7 = {
						CreatedOnToolsVersion = 11.4.1;
					};
				};
			};
			buildConfigurationList = 6C83E1E424503E7600BC83E7 /* Build configuration list for PBXProject "HiddenNavBarWithInteractivePopGesture" */;
			compatibilityVersion = "Xcode 9.3";
			developmentRegion = en;
			hasScannedForEncodings = 0;
			knownRegions = (
				en,
				Base,
			);
			mainGroup = 6C83E1E024503E7600BC83E7;
			productRefGroup = 6C83E1EA24503E7600BC83E7 /* Products */;
			projectDirPath = "";
			projectRoot = "";
			targets = (
				6C83E1E824503E7600BC83E7 /* HiddenNavBarWithInteractivePopGesture */,
			);
		};
/* End PBXProject section */

/* Begin PBXResourcesBuildPhase section */
		6C83E1E724503E7600BC83E7 /* Resources */ = {
			isa = PBXResourcesBuildPhase;
			buildActionMask = 2147483647;
			files = (
				6C83E1F924503E7700BC83E7 /* LaunchScreen.storyboard in Resources */,
				6C83E1F624503E7700BC83E7 /* Assets.xcassets in Resources */,
				6C83E1F424503E7600BC83E7 /* Main.storyboard in Resources */,
			);
			runOnlyForDeploymentPostprocessing = 0;
		};
/* End PBXResourcesBuildPhase section */

/* Begin PBXSourcesBuildPhase section */
		6C83E1E524503E7600BC83E7 /* Sources */ = {
			isa = PBXSourcesBuildPhase;
			buildActionMask = 2147483647;
			files = (
				6C83E1F124503E7600BC83E7 /* ViewController.swift in Sources */,
				6C83E1ED24503E7600BC83E7 /* AppDelegate.swift in Sources */,
				6C83E1EF24503E7600BC83E7 /* SceneDelegate.swift in Sources */,
			);
			runOnlyForDeploymentPostprocessing = 0;
		};
/* End PBXSourcesBuildPhase section */

/* Begin PBXVariantGroup section */
		6C83E1F224503E7600BC83E7 /* Main.storyboard */ = {
			isa = PBXVariantGroup;
			children = (
				6C83E1F324503E7600BC83E7 /* Base */,
			);
			name = Main.storyboard;
			sourceTree = "<group>";
		};
		6C83E1F724503E7700BC83E7 /* LaunchScreen.storyboard */ = {
			isa = PBXVariantGroup;
			children = (
				6C83E1F824503E7700BC83E7 /* Base */,
			);
			name = LaunchScreen.storyboard;
			sourceTree = "<group>";
		};
/* End PBXVariantGroup section */

/* Begin XCBuildConfiguration section */
		6C83E1FB24503E7700BC83E7 /* Debug */ = {
			isa = XCBuildConfiguration;
			buildSettings = {
				ALWAYS_SEARCH_USER_PATHS = NO;
				CLANG_ANALYZER_NONNULL = YES;
				CLANG_ANALYZER_NUMBER_OBJECT_CONVERSION = YES_AGGRESSIVE;
				CLANG_CXX_LANGUAGE_STANDARD = "gnu++14";
				CLANG_CXX_LIBRARY = "libc++";
				CLANG_ENABLE_MODULES = YES;
				CLANG_ENABLE_OBJC_ARC = YES;
				CLANG_ENABLE_OBJC_WEAK = YES;
				CLANG_WARN_BLOCK_CAPTURE_AUTORELEASING = YES;
				CLANG_WARN_BOOL_CONVERSION = YES;
				CLANG_WARN_COMMA = YES;
				CLANG_WARN_CONSTANT_CONVERSION = YES;
				CLANG_WARN_DEPRECATED_OBJC_IMPLEMENTATIONS = YES;
				CLANG_WARN_DIRECT_OBJC_ISA_USAGE = YES_ERROR;
				CLANG_WARN_DOCUMENTATION_COMMENTS = YES;
				CLANG_WARN_EMPTY_BODY = YES;
				CLANG_WARN_ENUM_CONVERSION = YES;
				CLANG_WARN_INFINITE_RECURSION = YES;
				CLANG_WARN_INT_CONVERSION = YES;
				CLANG_WARN_NON_LITERAL_NULL_CONVERSION = YES;
				CLANG_WARN_OBJC_IMPLICIT_RETAIN_SELF = YES;
				CLANG_WARN_OBJC_LITERAL_CONVERSION = YES;
				CLANG_WARN_OBJC_ROOT_CLASS = YES_ERROR;
				CLANG_WARN_RANGE_LOOP_ANALYSIS = YES;
				CLANG_WARN_STRICT_PROTOTYPES = YES;
				CLANG_WARN_SUSPICIOUS_MOVE = YES;
				CLANG_WARN_UNGUARDED_AVAILABILITY = YES_AGGRESSIVE;
				CLANG_WARN_UNREACHABLE_CODE = YES;
				CLANG_WARN__DUPLICATE_METHOD_MATCH = YES;
				COPY_PHASE_STRIP = NO;
				DEBUG_INFORMATION_FORMAT = dwarf;
				ENABLE_STRICT_OBJC_MSGSEND = YES;
				ENABLE_TESTABILITY = YES;
				GCC_C_LANGUAGE_STANDARD = gnu11;
				GCC_DYNAMIC_NO_PIC = NO;
				GCC_NO_COMMON_BLOCKS = YES;
				GCC_OPTIMIZATION_LEVEL = 0;
				GCC_PREPROCESSOR_DEFINITIONS = (
					"DEBUG=1",
					"$(inherited)",
				);
				GCC_WARN_64_TO_32_BIT_CONVERSION = YES;
				GCC_WARN_ABOUT_RETURN_TYPE = YES_ERROR;
				GCC_WARN_UNDECLARED_SELECTOR = YES;
				GCC_WARN_UNINITIALIZED_AUTOS = YES_AGGRESSIVE;
				GCC_WARN_UNUSED_FUNCTION = YES;
				GCC_WARN_UNUSED_VARIABLE = YES;
				IPHONEOS_DEPLOYMENT_TARGET = 13.4;
				MTL_ENABLE_DEBUG_INFO = INCLUDE_SOURCE;
				MTL_FAST_MATH = YES;
				ONLY_ACTIVE_ARCH = YES;
				SDKROOT = iphoneos;
				SWIFT_ACTIVE_COMPILATION_CONDITIONS = DEBUG;
				SWIFT_OPTIMIZATION_LEVEL = "-Onone";
			};
			name = Debug;
		};
		6C83E1FC24503E7700BC83E7 /* Release */ = {
			isa = XCBuildConfiguration;
			buildSettings = {
				ALWAYS_SEARCH_USER_PATHS = NO;
				CLANG_ANALYZER_NONNULL = YES;
				CLANG_ANALYZER_NUMBER_OBJECT_CONVERSION = YES_AGGRESSIVE;
				CLANG_CXX_LANGUAGE_STANDARD = "gnu++14";
				CLANG_CXX_LIBRARY = "libc++";
				CLANG_ENABLE_MODULES = YES;
				CLANG_ENABLE_OBJC_ARC = YES;
				CLANG_ENABLE_OBJC_WEAK = YES;
				CLANG_WARN_BLOCK_CAPTURE_AUTORELEASING = YES;
				CLANG_WARN_BOOL_CONVERSION = YES;
				CLANG_WARN_COMMA = YES;
				CLANG_WARN_CONSTANT_CONVERSION = YES;
				CLANG_WARN_DEPRECATED_OBJC_IMPLEMENTATIONS = YES;
				CLANG_WARN_DIRECT_OBJC_ISA_USAGE = YES_ERROR;
				CLANG_WARN_DOCUMENTATION_COMMENTS = YES;
				CLANG_WARN_EMPTY_BODY = YES;
				CLANG_WARN_ENUM_CONVERSION = YES;
				CLANG_WARN_INFINITE_RECURSION = YES;
				CLANG_WARN_INT_CONVERSION = YES;
				CLANG_WARN_NON_LITERAL_NULL_CONVERSION = YES;
				CLANG_WARN_OBJC_IMPLICIT_RETAIN_SELF = YES;
				CLANG_WARN_OBJC_LITERAL_CONVERSION = YES;
				CLANG_WARN_OBJC_ROOT_CLASS = YES_ERROR;
				CLANG_WARN_RANGE_LOOP_ANALYSIS = YES;
				CLANG_WARN_STRICT_PROTOTYPES = YES;
				CLANG_WARN_SUSPICIOUS_MOVE = YES;
				CLANG_WARN_UNGUARDED_AVAILABILITY = YES_AGGRESSIVE;
				CLANG_WARN_UNREACHABLE_CODE = YES;
				CLANG_WARN__DUPLICATE_METHOD_MATCH = YES;
				COPY_PHASE_STRIP = NO;
				DEBUG_INFORMATION_FORMAT = "dwarf-with-dsym";
				ENABLE_NS_ASSERTIONS = NO;
				ENABLE_STRICT_OBJC_MSGSEND = YES;
				GCC_C_LANGUAGE_STANDARD = gnu11;
				GCC_NO_COMMON_BLOCKS = YES;
				GCC_WARN_64_TO_32_BIT_CONVERSION = YES;
				GCC_WARN_ABOUT_RETURN_TYPE = YES_ERROR;
				GCC_WARN_UNDECLARED_SELECTOR = YES;
				GCC_WARN_UNINITIALIZED_AUTOS = YES_AGGRESSIVE;
				GCC_WARN_UNUSED_FUNCTION = YES;
				GCC_WARN_UNUSED_VARIABLE = YES;
				IPHONEOS_DEPLOYMENT_TARGET = 13.4;
				MTL_ENABLE_DEBUG_INFO = NO;
				MTL_FAST_MATH = YES;
				SDKROOT = iphoneos;
				SWIFT_COMPILATION_MODE = wholemodule;
				SWIFT_OPTIMIZATION_LEVEL = "-O";
				VALIDATE_PRODUCT = YES;
			};
			name = Release;
		};
		6C83E1FE24503E7700BC83E7 /* Debug */ = {
			isa = XCBuildConfiguration;
			buildSettings = {
				ASSETCATALOG_COMPILER_APPICON_NAME = AppIcon;
				CODE_SIGN_STYLE = Automatic;
				DEVELOPMENT_TEAM = "";
				INFOPLIST_FILE = HiddenNavBarWithInteractivePopGesture/Info.plist;
				LD_RUNPATH_SEARCH_PATHS = (
					"$(inherited)",
					"@executable_path/Frameworks",
				);
				PRODUCT_BUNDLE_IDENTIFIER = com.hacknicity.HiddenNavBarWithInteractivePopGesture;
				PRODUCT_NAME = "$(TARGET_NAME)";
				SWIFT_VERSION = 5.0;
				TARGETED_DEVICE_FAMILY = "1,2";
			};
			name = Debug;
		};
		6C83E1FF24503E7700BC83E7 /* Release */ = {
			isa = XCBuildConfiguration;
			buildSettings = {
				ASSETCATALOG_COMPILER_APPICON_NAME = AppIcon;
				CODE_SIGN_STYLE = Automatic;
				DEVELOPMENT_TEAM = "";
				INFOPLIST_FILE = HiddenNavBarWithInteractivePopGesture/Info.plist;
				LD_RUNPATH_SEARCH_PATHS = (
					"$(inherited)",
					"@executable_path/Frameworks",
				);
				PRODUCT_BUNDLE_IDENTIFIER = com.hacknicity.HiddenNavBarWithInteractivePopGesture;
				PRODUCT_NAME = "$(TARGET_NAME)";
				SWIFT_VERSION = 5.0;
				TARGETED_DEVICE_FAMILY = "1,2";
			};
			name = Release;
		};
/* End XCBuildConfiguration section */

/* Begin XCConfigurationList section */
		6C83E1E424503E7600BC83E7 /* Build configuration list for PBXProject "HiddenNavBarWithInteractivePopGesture" */ = {
			isa = XCConfigurationList;
			buildConfigurations = (
				6C83E1FB24503E7700BC83E7 /* Debug */,
				6C83E1FC24503E7700BC83E7 /* Release */,
			);
			defaultConfigurationIsVisible = 0;
			defaultConfigurationName = Release;
		};
		6C83E1FD24503E7700BC83E7 /* Build configuration list for PBXNativeTarget "HiddenNavBarWithInteractivePopGesture" */ = {
			isa = XCConfigurationList;
			buildConfigurations = (
				6C83E1FE24503E7700BC83E7 /* Debug */,
				6C83E1FF24503E7700BC83E7 /* Release */,
			);
			defaultConfigurationIsVisible = 0;
			defaultConfigurationName = Release;
		};
/* End XCConfigurationList section */
	};
	rootObject = 6C83E1E124503E7600BC83E7 /* Project object */;
}
